
Microsoft Visual Studio Solution File, Format Version 12.00
# Visual Studio Version 17
VisualStudioVersion = 17.10.35013.160
MinimumVisualStudioVersion = 10.0.40219.1
Project("{FAE04EC0-301F-11D3-BF4B-00C04F79EFBC}") = "DeskopLuRaKasa", "DeskopLuRaKasa\DeskopLuRaKasa.csproj", "{06CF55AA-D4C9-411D-BDE6-AB81BAFA3F93}"
EndProject
Project("{FAE04EC0-301F-11D3-BF4B-00C04F79EFBC}") = "MobileLuRaKasa", "MobileLuRaKasa\MobileLuRaKasa.csproj", "{CDCFEEA8-40F6-49F8-877A-C61253B5C06C}"
EndProject
Project("{FAE04EC0-301F-11D3-BF4B-00C04F79EFBC}") = "WebAPILuRaKasa", "WebAPILuRaKasa\WebAPILuRaKasa.csproj", "{24B64903-96F6-4ECF-B6C6-29AE5E37AB64}"
EndProject
Project("{FAE04EC0-301F-11D3-BF4B-00C04F79EFBC}") = "DTOLuRaKasa", "DTOLuRaKasa\DTOLuRaKasa.csproj", "{0598DEF3-EEDD-4117-807F-E85398345ADC}"
EndProject
Project("{FAE04EC0-301F-11D3-BF4B-00C04F79EFBC}") = "AdminSectionLuRaKasa", "AdminSectionLuRaKasa\AdminSectionLuRaKasa.csproj", "{DFF88BB2-615B-499B-9EAC-61E08D0A4338}"
EndProject
Global
	GlobalSection(SolutionConfigurationPlatforms) = preSolution
		Debug|Any CPU = Debug|Any CPU
		Release|Any CPU = Release|Any CPU
	EndGlobalSection
	GlobalSection(ProjectConfigurationPlatforms) = postSolution
		{06CF55AA-D4C9-411D-BDE6-AB81BAFA3F93}.Debug|Any CPU.ActiveCfg = Debug|Any CPU
		{06CF55AA-D4C9-411D-BDE6-AB81BAFA3F93}.Debug|Any CPU.Build.0 = Debug|Any CPU
		{06CF55AA-D4C9-411D-BDE6-AB81BAFA3F93}.Release|Any CPU.ActiveCfg = Release|Any CPU
		{06CF55AA-D4C9-411D-BDE6-AB81BAFA3F93}.Release|Any CPU.Build.0 = Release|Any CPU
		{CDCFEEA8-40F6-49F8-877A-C61253B5C06C}.Debug|Any CPU.ActiveCfg = Debug|Any CPU
		{CDCFEEA8-40F6-49F8-877A-C61253B5C06C}.Debug|Any CPU.Build.0 = Debug|Any CPU
		{CDCFEEA8-40F6-49F8-877A-C61253B5C06C}.Debug|Any CPU.Deploy.0 = Debug|Any CPU
		{CDCFEEA8-40F6-49F8-877A-C61253B5C06C}.Release|Any CPU.ActiveCfg = Release|Any CPU
		{CDCFEEA8-40F6-49F8-877A-C61253B5C06C}.Release|Any CPU.Build.0 = Release|Any CPU
		{CDCFEEA8-40F6-49F8-877A-C61253B5C06C}.Release|Any CPU.Deploy.0 = Release|Any CPU
		{24B64903-96F6-4ECF-B6C6-29AE5E37AB64}.Debug|Any CPU.ActiveCfg = Debug|Any CPU
		{24B64903-96F6-4ECF-B6C6-29AE5E37AB64}.Debug|Any CPU.Build.0 = Debug|Any CPU
		{24B64903-96F6-4ECF-B6C6-29AE5E37AB64}.Release|Any CPU.ActiveCfg = Release|Any CPU
		{24B64903-96F6-4ECF-B6C6-29AE5E37AB64}.Release|Any CPU.Build.0 = Release|Any CPU
		{0598DEF3-EEDD-4117-807F-E85398345ADC}.Debug|Any CPU.ActiveCfg = Debug|Any CPU
		{0598DEF3-EEDD-4117-807F-E85398345ADC}.Debug|Any CPU.Build.0 = Debug|Any CPU
		{0598DEF3-EEDD-4117-807F-E85398345ADC}.Release|Any CPU.ActiveCfg = Release|Any CPU
		{0598DEF3-EEDD-4117-807F-E85398345ADC}.Release|Any CPU.Build.0 = Release|Any CPU
		{DFF88BB2-615B-499B-9EAC-61E08D0A4338}.Debug|Any CPU.ActiveCfg = Debug|Any CPU
		{DFF88BB2-615B-499B-9EAC-61E08D0A4338}.Debug|Any CPU.Build.0 = Debug|Any CPU
		{DFF88BB2-615B-499B-9EAC-61E08D0A4338}.Release|Any CPU.ActiveCfg = Release|Any CPU
		{DFF88BB2-615B-499B-9EAC-61E08D0A4338}.Release|Any CPU.Build.0 = Release|Any CPU
	EndGlobalSection
	GlobalSection(SolutionProperties) = preSolution
		HideSolutionNode = FALSE
	EndGlobalSection
	GlobalSection(ExtensibilityGlobals) = postSolution
		SolutionGuid = {C1D15F90-F085-4D0D-B368-73694D2620BD}
	EndGlobalSection
EndGlobal
